schema: '2.0'
stages:
  prepare:
    cmd: python src/prepare.py
    deps:
    - path: data/raw
      md5: b023edd3723c9b38632d1a0a6e321460.dir
      size: 106557169
      nfiles: 13396
    - path: src/prepare.py
      md5: ef804f358e00edcfe52c865b471f8f55
      size: 1231
    outs:
    - path: data/prepared/test.csv
      md5: ff75bda972cf088df6f2eefaaceaa683
      size: 75436
    - path: data/prepared/train.csv
      md5: ac29b98ea107f07ebb6a82a4068a2fa2
      size: 187615
  train:
    cmd: python src/train.py
    deps:
    - path: data/prepared/train.csv
      md5: ac29b98ea107f07ebb6a82a4068a2fa2
      size: 187615
    - path: src/train.py
      md5: d9c9f81d945fc6904eb37be5858b1965
      size: 1363
    outs:
    - path: model/model.joblib
      md5: 82b875d0fe2a4fcd806463909886de71
      size: 1701721
  evaluate:
    cmd: python src/evaluate.py
    deps:
    - path: model/model.joblib
      md5: 82b875d0fe2a4fcd806463909886de71
      size: 1701721
    - path: src/evaluate.py
      md5: b197277667d6269271fff4ae4af8a941
      size: 645
    outs:
    - path: metrics/accuracy.json
      md5: 218d8a66da57c69908d99a0ca8a1b299
      size: 32
